// !$*UTF8*$!
{
	archiveVersion = 1;
	classes = {
	};
	objectVersion = 48;
	objects = {

/* Begin PBXBuildFile section */
		15ED379BAD42BE25BDF2F606 /* ShowAllNotesModuleRouter.swift in Sources */ = {isa = PBXBuildFile; fileRef = 13508DA3F1E30796A9DE289C /* ShowAllNotesModuleRouter.swift */; };
		18574BDDCFECBF1EBE4F3B61 /* ShowAllNotesModuleViewInput.swift in Sources */ = {isa = PBXBuildFile; fileRef = 7C2A6AB32B5C8023F5D6A9AA /* ShowAllNotesModuleViewInput.swift */; };
		1D441A564DBACAFE9F0A020E /* ShowAllNotesModuleInitializer.swift in Sources */ = {isa = PBXBuildFile; fileRef = 4B34B380B00CF9E4E139A0C8 /* ShowAllNotesModuleInitializer.swift */; };
		2307E49A201137F600FAF1A9 /* UITableViewCell+UINib.swift in Sources */ = {isa = PBXBuildFile; fileRef = 2307E499201137F600FAF1A9 /* UITableViewCell+UINib.swift */; };
		230F2EA520095032007B64B7 /* FirstReques.graphql in Resources */ = {isa = PBXBuildFile; fileRef = 230F2EA420095032007B64B7 /* FirstReques.graphql */; };
		230F2EA720095451007B64B7 /* API.swift in Sources */ = {isa = PBXBuildFile; fileRef = 230F2EA620095451007B64B7 /* API.swift */; };
		233F2C852007BF0700D27743 /* AppDelegate.swift in Sources */ = {isa = PBXBuildFile; fileRef = 233F2C842007BF0700D27743 /* AppDelegate.swift */; };
		233F2C8C2007BF0700D27743 /* Images.xcassets in Resources */ = {isa = PBXBuildFile; fileRef = 233F2C8B2007BF0700D27743 /* Images.xcassets */; };
		235FEBC4201097920053DA3A /* ShowAllNotesModuleConfiguratorTests.swift in Sources */ = {isa = PBXBuildFile; fileRef = 65AB9472800DCAA0EE88FD80 /* ShowAllNotesModuleConfiguratorTests.swift */; };
		235FEBC5201097960053DA3A /* ShowAllNotesModuleViewTests.swift in Sources */ = {isa = PBXBuildFile; fileRef = 45E97760239CCAAB86734D61 /* ShowAllNotesModuleViewTests.swift */; };
		235FEBC62010979A0053DA3A /* ShowAllNotesModuleInteractorTests.swift in Sources */ = {isa = PBXBuildFile; fileRef = BC7E80CBAD6D57CEFD4CC1CA /* ShowAllNotesModuleInteractorTests.swift */; };
		235FEBC72010979D0053DA3A /* ShowAllNotesModulePresenterTests.swift in Sources */ = {isa = PBXBuildFile; fileRef = A1293040628E6246786758A8 /* ShowAllNotesModulePresenterTests.swift */; };
		235FEBC8201097A30053DA3A /* ShowAllNotesModuleRouterTests.swift in Sources */ = {isa = PBXBuildFile; fileRef = 8421A7C069ADD00A78B5EA1D /* ShowAllNotesModuleRouterTests.swift */; };
		235FEBC9201097B00053DA3A /* ShowAllNotesModuleViewInput.swift in Sources */ = {isa = PBXBuildFile; fileRef = 7C2A6AB32B5C8023F5D6A9AA /* ShowAllNotesModuleViewInput.swift */; };
		235FEBCA201097B00053DA3A /* ShowAllNotesModuleViewOutput.swift in Sources */ = {isa = PBXBuildFile; fileRef = E629F22ED8F7EA2467A9686C /* ShowAllNotesModuleViewOutput.swift */; };
		235FEBCB201097B00053DA3A /* ShowAllNotesModuleViewController.swift in Sources */ = {isa = PBXBuildFile; fileRef = 548AD53DD46781BD2D3555F4 /* ShowAllNotesModuleViewController.swift */; };
		235FEBCC201097B80053DA3A /* ShowAllNotesModuleModuleInput.swift in Sources */ = {isa = PBXBuildFile; fileRef = 2DEECA444A66B047ECB2F663 /* ShowAllNotesModuleModuleInput.swift */; };
		235FEBCD201097B80053DA3A /* ShowAllNotesModulePresenter.swift in Sources */ = {isa = PBXBuildFile; fileRef = 8A1264BA81FFAE1AB5E5EBBE /* ShowAllNotesModulePresenter.swift */; };
		235FEBCE201097BC0053DA3A /* ShowAllNotesModuleInteractorInput.swift in Sources */ = {isa = PBXBuildFile; fileRef = 2E33E82E60D2917C39C09760 /* ShowAllNotesModuleInteractorInput.swift */; };
		235FEBCF201097BC0053DA3A /* ShowAllNotesModuleInteractorOutput.swift in Sources */ = {isa = PBXBuildFile; fileRef = 7CF345249C1CF902E1080ECE /* ShowAllNotesModuleInteractorOutput.swift */; };
		235FEBD0201097BC0053DA3A /* ShowAllNotesModuleInteractor.swift in Sources */ = {isa = PBXBuildFile; fileRef = 632D938903E9A3362847A349 /* ShowAllNotesModuleInteractor.swift */; };
		235FEBD1201097C00053DA3A /* ShowAllNotesModuleRouterInput.swift in Sources */ = {isa = PBXBuildFile; fileRef = 39690115E215173B06AD5585 /* ShowAllNotesModuleRouterInput.swift */; };
		235FEBD2201097C00053DA3A /* ShowAllNotesModuleRouter.swift in Sources */ = {isa = PBXBuildFile; fileRef = 13508DA3F1E30796A9DE289C /* ShowAllNotesModuleRouter.swift */; };
		235FEBD3201097C40053DA3A /* ShowAllNotesModuleConfigurator.swift in Sources */ = {isa = PBXBuildFile; fileRef = C4BC13A50C927A7AD95A7A08 /* ShowAllNotesModuleConfigurator.swift */; };
		235FEBD4201097C40053DA3A /* ShowAllNotesModuleInitializer.swift in Sources */ = {isa = PBXBuildFile; fileRef = 4B34B380B00CF9E4E139A0C8 /* ShowAllNotesModuleInitializer.swift */; };
		235FEBD920109B370053DA3A /* NoteTableViewCell.swift in Sources */ = {isa = PBXBuildFile; fileRef = 235FEBD720109B370053DA3A /* NoteTableViewCell.swift */; };
		235FEBDA20109B370053DA3A /* NoteTableViewCell.xib in Resources */ = {isa = PBXBuildFile; fileRef = 235FEBD820109B370053DA3A /* NoteTableViewCell.xib */; };
		236A1A32200E6F78001AEA88 /* Main.storyboard in Resources */ = {isa = PBXBuildFile; fileRef = 236A1A31200E6F78001AEA88 /* Main.storyboard */; };
		2BDC3072E8B95EEE189DE770 /* ShowAllNotesModuleRouterInput.swift in Sources */ = {isa = PBXBuildFile; fileRef = 39690115E215173B06AD5585 /* ShowAllNotesModuleRouterInput.swift */; };
		4D508BF748AB6305AB5C52C1 /* ShowAllNotesModuleViewController.swift in Sources */ = {isa = PBXBuildFile; fileRef = 548AD53DD46781BD2D3555F4 /* ShowAllNotesModuleViewController.swift */; };
		5F24AACD76E6A081DD806141 /* ShowAllNotesModulePresenter.swift in Sources */ = {isa = PBXBuildFile; fileRef = 8A1264BA81FFAE1AB5E5EBBE /* ShowAllNotesModulePresenter.swift */; };
		6B675A75F5F587B5DC8D0FFB /* ShowAllNotesModuleModuleInput.swift in Sources */ = {isa = PBXBuildFile; fileRef = 2DEECA444A66B047ECB2F663 /* ShowAllNotesModuleModuleInput.swift */; };
		7FDC886D7B7991E9CE78D342 /* Pods_Notes.framework in Frameworks */ = {isa = PBXBuildFile; fileRef = F4C5FB0833E0260496BD090E /* Pods_Notes.framework */; };
		873462CDC4912226E11DF4E6 /* ShowAllNotesModuleConfigurator.swift in Sources */ = {isa = PBXBuildFile; fileRef = C4BC13A50C927A7AD95A7A08 /* ShowAllNotesModuleConfigurator.swift */; };
		87B80B21F027443C7904FF0B /* ShowAllNotesModuleInteractor.swift in Sources */ = {isa = PBXBuildFile; fileRef = 632D938903E9A3362847A349 /* ShowAllNotesModuleInteractor.swift */; };
		B2111BA57367B33384C83BDC /* ShowAllNotesModuleViewOutput.swift in Sources */ = {isa = PBXBuildFile; fileRef = E629F22ED8F7EA2467A9686C /* ShowAllNotesModuleViewOutput.swift */; };
		D0E015AA40531E60EE242A14 /* ShowAllNotesModuleInteractorOutput.swift in Sources */ = {isa = PBXBuildFile; fileRef = 7CF345249C1CF902E1080ECE /* ShowAllNotesModuleInteractorOutput.swift */; };
		DD9FEE1C308EEAFB5DBB6D8D /* ShowAllNotesModuleInteractorInput.swift in Sources */ = {isa = PBXBuildFile; fileRef = 2E33E82E60D2917C39C09760 /* ShowAllNotesModuleInteractorInput.swift */; };
/* End PBXBuildFile section */

/* Begin PBXContainerItemProxy section */
		235FEBBF201097730053DA3A /* PBXContainerItemProxy */ = {
			isa = PBXContainerItemProxy;
			containerPortal = 233F2C792007BF0700D27743 /* Project object */;
			proxyType = 1;
			remoteGlobalIDString = 233F2C802007BF0700D27743;
			remoteInfo = Notes;
		};
/* End PBXContainerItemProxy section */

/* Begin PBXFileReference section */
		13508DA3F1E30796A9DE289C /* ShowAllNotesModuleRouter.swift */ = {isa = PBXFileReference; includeInIndex = 1; lastKnownFileType = sourcecode.swift; path = ShowAllNotesModuleRouter.swift; sourceTree = "<group>"; };
		2307E499201137F600FAF1A9 /* UITableViewCell+UINib.swift */ = {isa = PBXFileReference; lastKnownFileType = sourcecode.swift; path = "UITableViewCell+UINib.swift"; sourceTree = "<group>"; };
		230F2EA420095032007B64B7 /* FirstReques.graphql */ = {isa = PBXFileReference; lastKnownFileType = text; path = FirstReques.graphql; sourceTree = "<group>"; };
		230F2EA620095451007B64B7 /* API.swift */ = {isa = PBXFileReference; fileEncoding = 4; lastKnownFileType = sourcecode.swift; name = API.swift; path = Notes/API.swift; sourceTree = SOURCE_ROOT; };
		233F2C812007BF0700D27743 /* Notes.app */ = {isa = PBXFileReference; explicitFileType = wrapper.application; includeInIndex = 0; path = Notes.app; sourceTree = BUILT_PRODUCTS_DIR; };
		233F2C842007BF0700D27743 /* AppDelegate.swift */ = {isa = PBXFileReference; lastKnownFileType = sourcecode.swift; path = AppDelegate.swift; sourceTree = "<group>"; };
		233F2C8B2007BF0700D27743 /* Images.xcassets */ = {isa = PBXFileReference; lastKnownFileType = folder.assetcatalog; path = Images.xcassets; sourceTree = "<group>"; };
		233F2C902007BF0700D27743 /* Notes-Info.plist */ = {isa = PBXFileReference; lastKnownFileType = text.plist.xml; path = "Notes-Info.plist"; sourceTree = "<group>"; };
		235FEBBA201097730053DA3A /* NotesTests.xctest */ = {isa = PBXFileReference; explicitFileType = wrapper.cfbundle; includeInIndex = 0; path = NotesTests.xctest; sourceTree = BUILT_PRODUCTS_DIR; };
		235FEBBE201097730053DA3A /* Info.plist */ = {isa = PBXFileReference; lastKnownFileType = text.plist.xml; path = Info.plist; sourceTree = "<group>"; };
		235FEBD720109B370053DA3A /* NoteTableViewCell.swift */ = {isa = PBXFileReference; lastKnownFileType = sourcecode.swift; path = NoteTableViewCell.swift; sourceTree = "<group>"; };
		235FEBD820109B370053DA3A /* NoteTableViewCell.xib */ = {isa = PBXFileReference; lastKnownFileType = file.xib; path = NoteTableViewCell.xib; sourceTree = "<group>"; };
		236A1A31200E6F78001AEA88 /* Main.storyboard */ = {isa = PBXFileReference; lastKnownFileType = file.storyboard; path = Main.storyboard; sourceTree = "<group>"; };
		2DEECA444A66B047ECB2F663 /* ShowAllNotesModuleModuleInput.swift */ = {isa = PBXFileReference; includeInIndex = 1; lastKnownFileType = sourcecode.swift; path = ShowAllNotesModuleModuleInput.swift; sourceTree = "<group>"; };
		2E33E82E60D2917C39C09760 /* ShowAllNotesModuleInteractorInput.swift */ = {isa = PBXFileReference; includeInIndex = 1; lastKnownFileType = sourcecode.swift; path = ShowAllNotesModuleInteractorInput.swift; sourceTree = "<group>"; };
		39690115E215173B06AD5585 /* ShowAllNotesModuleRouterInput.swift */ = {isa = PBXFileReference; includeInIndex = 1; lastKnownFileType = sourcecode.swift; path = ShowAllNotesModuleRouterInput.swift; sourceTree = "<group>"; };
		45E97760239CCAAB86734D61 /* ShowAllNotesModuleViewTests.swift */ = {isa = PBXFileReference; includeInIndex = 1; lastKnownFileType = sourcecode.swift; path = ShowAllNotesModuleViewTests.swift; sourceTree = "<group>"; };
		4B34B380B00CF9E4E139A0C8 /* ShowAllNotesModuleInitializer.swift */ = {isa = PBXFileReference; includeInIndex = 1; lastKnownFileType = sourcecode.swift; path = ShowAllNotesModuleInitializer.swift; sourceTree = "<group>"; };
		548AD53DD46781BD2D3555F4 /* ShowAllNotesModuleViewController.swift */ = {isa = PBXFileReference; includeInIndex = 1; lastKnownFileType = sourcecode.swift; path = ShowAllNotesModuleViewController.swift; sourceTree = "<group>"; };
		632D938903E9A3362847A349 /* ShowAllNotesModuleInteractor.swift */ = {isa = PBXFileReference; includeInIndex = 1; lastKnownFileType = sourcecode.swift; path = ShowAllNotesModuleInteractor.swift; sourceTree = "<group>"; };
		65AB9472800DCAA0EE88FD80 /* ShowAllNotesModuleConfiguratorTests.swift */ = {isa = PBXFileReference; includeInIndex = 1; lastKnownFileType = sourcecode.swift; path = ShowAllNotesModuleConfiguratorTests.swift; sourceTree = "<group>"; };
		7C2A6AB32B5C8023F5D6A9AA /* ShowAllNotesModuleViewInput.swift */ = {isa = PBXFileReference; includeInIndex = 1; lastKnownFileType = sourcecode.swift; path = ShowAllNotesModuleViewInput.swift; sourceTree = "<group>"; };
		7CF345249C1CF902E1080ECE /* ShowAllNotesModuleInteractorOutput.swift */ = {isa = PBXFileReference; includeInIndex = 1; lastKnownFileType = sourcecode.swift; path = ShowAllNotesModuleInteractorOutput.swift; sourceTree = "<group>"; };
		8421A7C069ADD00A78B5EA1D /* ShowAllNotesModuleRouterTests.swift */ = {isa = PBXFileReference; includeInIndex = 1; lastKnownFileType = sourcecode.swift; path = ShowAllNotesModuleRouterTests.swift; sourceTree = "<group>"; };
		8A1264BA81FFAE1AB5E5EBBE /* ShowAllNotesModulePresenter.swift */ = {isa = PBXFileReference; includeInIndex = 1; lastKnownFileType = sourcecode.swift; path = ShowAllNotesModulePresenter.swift; sourceTree = "<group>"; };
		A1293040628E6246786758A8 /* ShowAllNotesModulePresenterTests.swift */ = {isa = PBXFileReference; includeInIndex = 1; lastKnownFileType = sourcecode.swift; path = ShowAllNotesModulePresenterTests.swift; sourceTree = "<group>"; };
		BC7E80CBAD6D57CEFD4CC1CA /* ShowAllNotesModuleInteractorTests.swift */ = {isa = PBXFileReference; includeInIndex = 1; lastKnownFileType = sourcecode.swift; path = ShowAllNotesModuleInteractorTests.swift; sourceTree = "<group>"; };
		C4BC13A50C927A7AD95A7A08 /* ShowAllNotesModuleConfigurator.swift */ = {isa = PBXFileReference; includeInIndex = 1; lastKnownFileType = sourcecode.swift; path = ShowAllNotesModuleConfigurator.swift; sourceTree = "<group>"; };
		C53D583B197BAC8CEC634D64 /* Pods-Notes.debug.xcconfig */ = {isa = PBXFileReference; includeInIndex = 1; lastKnownFileType = text.xcconfig; name = "Pods-Notes.debug.xcconfig"; path = "Pods/Target Support Files/Pods-Notes/Pods-Notes.debug.xcconfig"; sourceTree = "<group>"; };
		E629F22ED8F7EA2467A9686C /* ShowAllNotesModuleViewOutput.swift */ = {isa = PBXFileReference; includeInIndex = 1; lastKnownFileType = sourcecode.swift; path = ShowAllNotesModuleViewOutput.swift; sourceTree = "<group>"; };
		ECB8FF62CE268ADC29DE6137 /* Pods-Notes.release.xcconfig */ = {isa = PBXFileReference; includeInIndex = 1; lastKnownFileType = text.xcconfig; name = "Pods-Notes.release.xcconfig"; path = "Pods/Target Support Files/Pods-Notes/Pods-Notes.release.xcconfig"; sourceTree = "<group>"; };
		F4C5FB0833E0260496BD090E /* Pods_Notes.framework */ = {isa = PBXFileReference; explicitFileType = wrapper.framework; includeInIndex = 0; path = Pods_Notes.framework; sourceTree = BUILT_PRODUCTS_DIR; };
/* End PBXFileReference section */

/* Begin PBXFrameworksBuildPhase section */
		233F2C7E2007BF0700D27743 /* Frameworks */ = {
			isa = PBXFrameworksBuildPhase;
			buildActionMask = 2147483647;
			files = (
				7FDC886D7B7991E9CE78D342 /* Pods_Notes.framework in Frameworks */,
			);
			runOnlyForDeploymentPostprocessing = 0;
		};
		235FEBB7201097730053DA3A /* Frameworks */ = {
			isa = PBXFrameworksBuildPhase;
			buildActionMask = 2147483647;
			files = (
			);
			runOnlyForDeploymentPostprocessing = 0;
		};
/* End PBXFrameworksBuildPhase section */

/* Begin PBXGroup section */
		07674F972F63360EAC6F7910 /* Presenter */ = {
			isa = PBXGroup;
			children = (
				A1293040628E6246786758A8 /* ShowAllNotesModulePresenterTests.swift */,
			);
			path = Presenter;
			sourceTree = "<group>";
		};
		2307E496201137AC00FAF1A9 /* Helper */ = {
			isa = PBXGroup;
			children = (
				2307E497201137CE00FAF1A9 /* Extension */,
			);
			path = Helper;
			sourceTree = "<group>";
		};
		2307E497201137CE00FAF1A9 /* Extension */ = {
			isa = PBXGroup;
			children = (
				2307E498201137D900FAF1A9 /* UIKit */,
			);
			path = Extension;
			sourceTree = "<group>";
		};
		2307E498201137D900FAF1A9 /* UIKit */ = {
			isa = PBXGroup;
			children = (
				2307E499201137F600FAF1A9 /* UITableViewCell+UINib.swift */,
			);
			path = UIKit;
			sourceTree = "<group>";
		};
		233F2C782007BF0700D27743 = {
			isa = PBXGroup;
			children = (
				233F2C832007BF0700D27743 /* Notes */,
				235FEBBB201097730053DA3A /* NotesTests */,
				233F2C822007BF0700D27743 /* Products */,
				A33D579DA4DD4EB39995B7D2 /* Pods */,
				6B5642992281895780AA3759 /* Frameworks */,
			);
			sourceTree = "<group>";
		};
		233F2C822007BF0700D27743 /* Products */ = {
			isa = PBXGroup;
			children = (
				233F2C812007BF0700D27743 /* Notes.app */,
				235FEBBA201097730053DA3A /* NotesTests.xctest */,
			);
			name = Products;
			sourceTree = "<group>";
		};
		233F2C832007BF0700D27743 /* Notes */ = {
			isa = PBXGroup;
			children = (
				233F2CA52007C75F00D27743 /* Classes */,
				23E73B0D200D193C0054AFC0 /* Resources */,
				23E73B0E200D19500054AFC0 /* SupportingFiles */,
			);
			path = Notes;
			sourceTree = "<group>";
		};
		233F2CA52007C75F00D27743 /* Classes */ = {
			isa = PBXGroup;
			children = (
				23E73B07200D18360054AFC0 /* Presentation */,
				23E73B09200D18A40054AFC0 /* BussinesLogic */,
				23E73B0A200D18BA0054AFC0 /* Model */,
				233F2C842007BF0700D27743 /* AppDelegate.swift */,
				230F2EA620095451007B64B7 /* API.swift */,
				230F2EA420095032007B64B7 /* FirstReques.graphql */,
			);
			path = Classes;
			sourceTree = "<group>";
		};
		235FEBBB201097730053DA3A /* NotesTests */ = {
			isa = PBXGroup;
			children = (
				6911B823DA411E25374A88E7 /* ShowAllNotesModule */,
				235FEBBE201097730053DA3A /* Info.plist */,
			);
			path = NotesTests;
			sourceTree = "<group>";
		};
		235FEBD520109ACC0053DA3A /* Subviews */ = {
			isa = PBXGroup;
			children = (
				235FEBD620109ADE0053DA3A /* NoteTableViewCell */,
			);
			path = Subviews;
			sourceTree = "<group>";
		};
		235FEBD620109ADE0053DA3A /* NoteTableViewCell */ = {
			isa = PBXGroup;
			children = (
				235FEBD720109B370053DA3A /* NoteTableViewCell.swift */,
				235FEBD820109B370053DA3A /* NoteTableViewCell.xib */,
			);
			path = NoteTableViewCell;
			sourceTree = "<group>";
		};
		23E73B07200D18360054AFC0 /* Presentation */ = {
			isa = PBXGroup;
			children = (
				23E73B08200D18660054AFC0 /* WatchingAllNotesStory */,
			);
			path = Presentation;
			sourceTree = "<group>";
		};
		23E73B08200D18660054AFC0 /* WatchingAllNotesStory */ = {
			isa = PBXGroup;
			children = (
				8299EA4FA5CEA1576BA79DC4 /* ShowAllNotesModule */,
				236A1A31200E6F78001AEA88 /* Main.storyboard */,
			);
			path = WatchingAllNotesStory;
			sourceTree = "<group>";
		};
		23E73B09200D18A40054AFC0 /* BussinesLogic */ = {
			isa = PBXGroup;
			children = (
				2307E496201137AC00FAF1A9 /* Helper */,
			);
			path = BussinesLogic;
			sourceTree = "<group>";
		};
		23E73B0A200D18BA0054AFC0 /* Model */ = {
			isa = PBXGroup;
			children = (
			);
			path = Model;
			sourceTree = "<group>";
		};
		23E73B0D200D193C0054AFC0 /* Resources */ = {
			isa = PBXGroup;
			children = (
				23E73B0F200D19690054AFC0 /* Strings */,
				23E73B10200D19830054AFC0 /* Fonts */,
				23E73B12200D1A6A0054AFC0 /* SeedData */,
				233F2C8B2007BF0700D27743 /* Images.xcassets */,
			);
			path = Resources;
			sourceTree = "<group>";
		};
		23E73B0E200D19500054AFC0 /* SupportingFiles */ = {
			isa = PBXGroup;
			children = (
				233F2C902007BF0700D27743 /* Notes-Info.plist */,
			);
			path = SupportingFiles;
			sourceTree = "<group>";
		};
		23E73B0F200D19690054AFC0 /* Strings */ = {
			isa = PBXGroup;
			children = (
			);
			path = Strings;
			sourceTree = "<group>";
		};
		23E73B10200D19830054AFC0 /* Fonts */ = {
			isa = PBXGroup;
			children = (
			);
			path = Fonts;
			sourceTree = "<group>";
		};
		23E73B12200D1A6A0054AFC0 /* SeedData */ = {
			isa = PBXGroup;
			children = (
			);
			path = SeedData;
			sourceTree = "<group>";
		};
		268A551C097DADACE920D07D /* Router */ = {
			isa = PBXGroup;
			children = (
				8421A7C069ADD00A78B5EA1D /* ShowAllNotesModuleRouterTests.swift */,
			);
			path = Router;
			sourceTree = "<group>";
		};
		4CD4D4ED03892214778785C0 /* View */ = {
			isa = PBXGroup;
			children = (
				7C2A6AB32B5C8023F5D6A9AA /* ShowAllNotesModuleViewInput.swift */,
				E629F22ED8F7EA2467A9686C /* ShowAllNotesModuleViewOutput.swift */,
				548AD53DD46781BD2D3555F4 /* ShowAllNotesModuleViewController.swift */,
			);
			path = View;
			sourceTree = "<group>";
		};
		6911B823DA411E25374A88E7 /* ShowAllNotesModule */ = {
			isa = PBXGroup;
			children = (
				6E386A2C3520D3B873187E5C /* Configurator */,
				C477E1268001EBAA67CB0D99 /* View */,
				8C7735046F4875C6EB94BE74 /* Interactor */,
				07674F972F63360EAC6F7910 /* Presenter */,
				268A551C097DADACE920D07D /* Router */,
			);
			path = ShowAllNotesModule;
			sourceTree = "<group>";
		};
		6B5642992281895780AA3759 /* Frameworks */ = {
			isa = PBXGroup;
			children = (
				F4C5FB0833E0260496BD090E /* Pods_Notes.framework */,
			);
			name = Frameworks;
			sourceTree = "<group>";
		};
		6C2E0A17306A063996181752 /* Router */ = {
			isa = PBXGroup;
			children = (
				39690115E215173B06AD5585 /* ShowAllNotesModuleRouterInput.swift */,
				13508DA3F1E30796A9DE289C /* ShowAllNotesModuleRouter.swift */,
			);
			path = Router;
			sourceTree = "<group>";
		};
		6E386A2C3520D3B873187E5C /* Configurator */ = {
			isa = PBXGroup;
			children = (
				65AB9472800DCAA0EE88FD80 /* ShowAllNotesModuleConfiguratorTests.swift */,
			);
			path = Configurator;
			sourceTree = "<group>";
		};
		8299EA4FA5CEA1576BA79DC4 /* ShowAllNotesModule */ = {
			isa = PBXGroup;
			children = (
				235FEBD520109ACC0053DA3A /* Subviews */,
				4CD4D4ED03892214778785C0 /* View */,
				9B949AEEA595C72C050B6655 /* Presenter */,
				A172566306D10CCA5A1BA096 /* Interactor */,
				6C2E0A17306A063996181752 /* Router */,
				E74CE6DC7ED654C9B6872A58 /* Configurator */,
			);
			path = ShowAllNotesModule;
			sourceTree = "<group>";
		};
		8C7735046F4875C6EB94BE74 /* Interactor */ = {
			isa = PBXGroup;
			children = (
				BC7E80CBAD6D57CEFD4CC1CA /* ShowAllNotesModuleInteractorTests.swift */,
			);
			path = Interactor;
			sourceTree = "<group>";
		};
		9B949AEEA595C72C050B6655 /* Presenter */ = {
			isa = PBXGroup;
			children = (
				2DEECA444A66B047ECB2F663 /* ShowAllNotesModuleModuleInput.swift */,
				8A1264BA81FFAE1AB5E5EBBE /* ShowAllNotesModulePresenter.swift */,
			);
			path = Presenter;
			sourceTree = "<group>";
		};
		A172566306D10CCA5A1BA096 /* Interactor */ = {
			isa = PBXGroup;
			children = (
				2E33E82E60D2917C39C09760 /* ShowAllNotesModuleInteractorInput.swift */,
				7CF345249C1CF902E1080ECE /* ShowAllNotesModuleInteractorOutput.swift */,
				632D938903E9A3362847A349 /* ShowAllNotesModuleInteractor.swift */,
			);
			path = Interactor;
			sourceTree = "<group>";
		};
		A33D579DA4DD4EB39995B7D2 /* Pods */ = {
			isa = PBXGroup;
			children = (
				C53D583B197BAC8CEC634D64 /* Pods-Notes.debug.xcconfig */,
				ECB8FF62CE268ADC29DE6137 /* Pods-Notes.release.xcconfig */,
			);
			name = Pods;
			sourceTree = "<group>";
		};
		C477E1268001EBAA67CB0D99 /* View */ = {
			isa = PBXGroup;
			children = (
				45E97760239CCAAB86734D61 /* ShowAllNotesModuleViewTests.swift */,
			);
			path = View;
			sourceTree = "<group>";
		};
		E74CE6DC7ED654C9B6872A58 /* Configurator */ = {
			isa = PBXGroup;
			children = (
				C4BC13A50C927A7AD95A7A08 /* ShowAllNotesModuleConfigurator.swift */,
				4B34B380B00CF9E4E139A0C8 /* ShowAllNotesModuleInitializer.swift */,
			);
			path = Configurator;
			sourceTree = "<group>";
		};
/* End PBXGroup section */

/* Begin PBXNativeTarget section */
		233F2C802007BF0700D27743 /* Notes */ = {
			isa = PBXNativeTarget;
			buildConfigurationList = 233F2C9E2007BF0700D27743 /* Build configuration list for PBXNativeTarget "Notes" */;
			buildPhases = (
				1B38036969C92920C3B92A2D /* [CP] Check Pods Manifest.lock */,
				233F2C7D2007BF0700D27743 /* Sources */,
				233F2C7E2007BF0700D27743 /* Frameworks */,
				233F2C7F2007BF0700D27743 /* Resources */,
				233F2CA42007BF7700D27743 /* Run Script SwiftLint */,
				6366ADA8E973DE5B4CAB9D4F /* [CP] Embed Pods Frameworks */,
				F5A36A89B473D0AAA4051EA5 /* [CP] Copy Pods Resources */,
				230F2EA320094FFD007B64B7 /* Run Script ApolloGen */,
			);
			buildRules = (
			);
			dependencies = (
			);
			name = Notes;
			productName = Notes;
			productReference = 233F2C812007BF0700D27743 /* Notes.app */;
			productType = "com.apple.product-type.application";
		};
		235FEBB9201097730053DA3A /* NotesTests */ = {
			isa = PBXNativeTarget;
			buildConfigurationList = 235FEBC1201097730053DA3A /* Build configuration list for PBXNativeTarget "NotesTests" */;
			buildPhases = (
				235FEBB6201097730053DA3A /* Sources */,
				235FEBB7201097730053DA3A /* Frameworks */,
				235FEBB8201097730053DA3A /* Resources */,
			);
			buildRules = (
			);
			dependencies = (
				235FEBC0201097730053DA3A /* PBXTargetDependency */,
			);
			name = NotesTests;
			productName = NotesTests;
			productReference = 235FEBBA201097730053DA3A /* NotesTests.xctest */;
			productType = "com.apple.product-type.bundle.unit-test";
		};
/* End PBXNativeTarget section */

/* Begin PBXProject section */
		233F2C792007BF0700D27743 /* Project object */ = {
			isa = PBXProject;
			attributes = {
				LastSwiftUpdateCheck = 0920;
				LastUpgradeCheck = 0920;
				ORGANIZATIONNAME = "Egor Petrov";
				TargetAttributes = {
					233F2C802007BF0700D27743 = {
						CreatedOnToolsVersion = 9.2;
						ProvisioningStyle = Automatic;
					};
					235FEBB9201097730053DA3A = {
						CreatedOnToolsVersion = 9.2;
						ProvisioningStyle = Automatic;
						TestTargetID = 233F2C802007BF0700D27743;
					};
				};
			};
			buildConfigurationList = 233F2C7C2007BF0700D27743 /* Build configuration list for PBXProject "Notes" */;
			compatibilityVersion = "Xcode 8.0";
			developmentRegion = en;
			hasScannedForEncodings = 0;
			knownRegions = (
				en,
				Base,
			);
			mainGroup = 233F2C782007BF0700D27743;
			productRefGroup = 233F2C822007BF0700D27743 /* Products */;
			projectDirPath = "";
			projectRoot = "";
			targets = (
				233F2C802007BF0700D27743 /* Notes */,
				235FEBB9201097730053DA3A /* NotesTests */,
			);
		};
/* End PBXProject section */

/* Begin PBXResourcesBuildPhase section */
		233F2C7F2007BF0700D27743 /* Resources */ = {
			isa = PBXResourcesBuildPhase;
			buildActionMask = 2147483647;
			files = (
				236A1A32200E6F78001AEA88 /* Main.storyboard in Resources */,
				230F2EA520095032007B64B7 /* FirstReques.graphql in Resources */,
				233F2C8C2007BF0700D27743 /* Images.xcassets in Resources */,
				235FEBDA20109B370053DA3A /* NoteTableViewCell.xib in Resources */,
			);
			runOnlyForDeploymentPostprocessing = 0;
		};
		235FEBB8201097730053DA3A /* Resources */ = {
			isa = PBXResourcesBuildPhase;
			buildActionMask = 2147483647;
			files = (
			);
			runOnlyForDeploymentPostprocessing = 0;
		};
/* End PBXResourcesBuildPhase section */

/* Begin PBXShellScriptBuildPhase section */
		1B38036969C92920C3B92A2D /* [CP] Check Pods Manifest.lock */ = {
			isa = PBXShellScriptBuildPhase;
			buildActionMask = 2147483647;
			files = (
			);
			inputPaths = (
				"${PODS_PODFILE_DIR_PATH}/Podfile.lock",
				"${PODS_ROOT}/Manifest.lock",
			);
			name = "[CP] Check Pods Manifest.lock";
			outputPaths = (
				"$(DERIVED_FILE_DIR)/Pods-Notes-checkManifestLockResult.txt",
			);
			runOnlyForDeploymentPostprocessing = 0;
			shellPath = /bin/sh;
			shellScript = "diff \"${PODS_PODFILE_DIR_PATH}/Podfile.lock\" \"${PODS_ROOT}/Manifest.lock\" > /dev/null\nif [ $? != 0 ] ; then\n    # print error to STDERR\n    echo \"error: The sandbox is not in sync with the Podfile.lock. Run 'pod install' or update your CocoaPods installation.\" >&2\n    exit 1\nfi\n# This output is used by Xcode 'outputs' to avoid re-running this script phase.\necho \"SUCCESS\" > \"${SCRIPT_OUTPUT_FILE_0}\"\n";
			showEnvVarsInLog = 0;
		};
		230F2EA320094FFD007B64B7 /* Run Script ApolloGen */ = {
			isa = PBXShellScriptBuildPhase;
			buildActionMask = 2147483647;
			files = (
			);
			inputPaths = (
			);
			name = "Run Script ApolloGen";
			outputPaths = (
			);
			runOnlyForDeploymentPostprocessing = 0;
			shellPath = /bin/sh;
			shellScript = "APOLLO_FRAMEWORK_PATH=\"$(eval find $FRAMEWORK_SEARCH_PATHS -name \"Apollo.framework\" -maxdepth 1)\"\n\nif [ -z \"$APOLLO_FRAMEWORK_PATH\" ]; then\necho \"error: Couldn't find Apollo.framework in FRAMEWORK_SEARCH_PATHS; make sure to add the framework to your project.\"\nexit 1\nfi\n\ncd \"${SRCROOT}/${TARGET_NAME}\"\n$APOLLO_FRAMEWORK_PATH/check-and-run-apollo-codegen.sh generate $(find . -name '*.graphql') --schema schema.json --output API.swift";
		};
		233F2CA42007BF7700D27743 /* Run Script SwiftLint */ = {
			isa = PBXShellScriptBuildPhase;
			buildActionMask = 2147483647;
			files = (
			);
			inputPaths = (
			);
			name = "Run Script SwiftLint";
			outputPaths = (
			);
			runOnlyForDeploymentPostprocessing = 0;
			shellPath = /bin/sh;
			shellScript = "# Если не \"master\" ветка, то проверяются только измененные файлы .swift\nif which swiftlint >/dev/null; then\nif [ $(git symbolic-ref --short -q HEAD) = \"master\" ]; then\necho \"Develop branch! Standart check\"\nswiftlint\nelse\ncount=0\nfor file_path in $(git ls-files -om --exclude-from=.gitignore | grep \".swift$\"); do\nexport SCRIPT_INPUT_FILE_$count=$file_path\ncount=$((count + 1))\ndone\nfor file_path in $(git diff --cached --name-only | grep \".swift$\"); do\nexport SCRIPT_INPUT_FILE_$count=$file_path\ncount=$((count + 1))\ndone\nexport SCRIPT_INPUT_FILE_COUNT=$count\nif [ \"$count\" -ne 0 ]; then\necho \"Found lintable files! Linting...\"\nswiftlint lint --use-script-input-files --config .swiftlint.yml\nelse\necho \"No files to lint!\"\nexit 0\nfi\nfi\nelse\necho \"warning: SwiftLint not installed, download from https://github.com/realm/SwiftLint\"\nfi";
		};
		6366ADA8E973DE5B4CAB9D4F /* [CP] Embed Pods Frameworks */ = {
			isa = PBXShellScriptBuildPhase;
			buildActionMask = 2147483647;
			files = (
			);
			inputPaths = (
				"${SRCROOT}/Pods/Target Support Files/Pods-Notes/Pods-Notes-frameworks.sh",
				"${BUILT_PRODUCTS_DIR}/Apollo/Apollo.framework",
			);
			name = "[CP] Embed Pods Frameworks";
			outputPaths = (
				"${TARGET_BUILD_DIR}/${FRAMEWORKS_FOLDER_PATH}/Apollo.framework",
			);
			runOnlyForDeploymentPostprocessing = 0;
			shellPath = /bin/sh;
			shellScript = "\"${SRCROOT}/Pods/Target Support Files/Pods-Notes/Pods-Notes-frameworks.sh\"\n";
			showEnvVarsInLog = 0;
		};
		F5A36A89B473D0AAA4051EA5 /* [CP] Copy Pods Resources */ = {
			isa = PBXShellScriptBuildPhase;
			buildActionMask = 2147483647;
			files = (
			);
			inputPaths = (
			);
			name = "[CP] Copy Pods Resources";
			outputPaths = (
			);
			runOnlyForDeploymentPostprocessing = 0;
			shellPath = /bin/sh;
			shellScript = "\"${SRCROOT}/Pods/Target Support Files/Pods-Notes/Pods-Notes-resources.sh\"\n";
			showEnvVarsInLog = 0;
		};
/* End PBXShellScriptBuildPhase section */

/* Begin PBXSourcesBuildPhase section */
		233F2C7D2007BF0700D27743 /* Sources */ = {
			isa = PBXSourcesBuildPhase;
			buildActionMask = 2147483647;
			files = (
				230F2EA720095451007B64B7 /* API.swift in Sources */,
				233F2C852007BF0700D27743 /* AppDelegate.swift in Sources */,
				18574BDDCFECBF1EBE4F3B61 /* ShowAllNotesModuleViewInput.swift in Sources */,
				B2111BA57367B33384C83BDC /* ShowAllNotesModuleViewOutput.swift in Sources */,
				4D508BF748AB6305AB5C52C1 /* ShowAllNotesModuleViewController.swift in Sources */,
				6B675A75F5F587B5DC8D0FFB /* ShowAllNotesModuleModuleInput.swift in Sources */,
				5F24AACD76E6A081DD806141 /* ShowAllNotesModulePresenter.swift in Sources */,
				DD9FEE1C308EEAFB5DBB6D8D /* ShowAllNotesModuleInteractorInput.swift in Sources */,
				235FEBD920109B370053DA3A /* NoteTableViewCell.swift in Sources */,
				2307E49A201137F600FAF1A9 /* UITableViewCell+UINib.swift in Sources */,
				D0E015AA40531E60EE242A14 /* ShowAllNotesModuleInteractorOutput.swift in Sources */,
				87B80B21F027443C7904FF0B /* ShowAllNotesModuleInteractor.swift in Sources */,
				2BDC3072E8B95EEE189DE770 /* ShowAllNotesModuleRouterInput.swift in Sources */,
				15ED379BAD42BE25BDF2F606 /* ShowAllNotesModuleRouter.swift in Sources */,
				873462CDC4912226E11DF4E6 /* ShowAllNotesModuleConfigurator.swift in Sources */,
				1D441A564DBACAFE9F0A020E /* ShowAllNotesModuleInitializer.swift in Sources */,
			);
			runOnlyForDeploymentPostprocessing = 0;
		};
		235FEBB6201097730053DA3A /* Sources */ = {
			isa = PBXSourcesBuildPhase;
			buildActionMask = 2147483647;
			files = (
				235FEBCF201097BC0053DA3A /* ShowAllNotesModuleInteractorOutput.swift in Sources */,
				235FEBC8201097A30053DA3A /* ShowAllNotesModuleRouterTests.swift in Sources */,
				235FEBCD201097B80053DA3A /* ShowAllNotesModulePresenter.swift in Sources */,
				235FEBD0201097BC0053DA3A /* ShowAllNotesModuleInteractor.swift in Sources */,
				235FEBCB201097B00053DA3A /* ShowAllNotesModuleViewController.swift in Sources */,
				235FEBC62010979A0053DA3A /* ShowAllNotesModuleInteractorTests.swift in Sources */,
				235FEBCE201097BC0053DA3A /* ShowAllNotesModuleInteractorInput.swift in Sources */,
				235FEBC5201097960053DA3A /* ShowAllNotesModuleViewTests.swift in Sources */,
				235FEBD4201097C40053DA3A /* ShowAllNotesModuleInitializer.swift in Sources */,
				235FEBD1201097C00053DA3A /* ShowAllNotesModuleRouterInput.swift in Sources */,
				235FEBC72010979D0053DA3A /* ShowAllNotesModulePresenterTests.swift in Sources */,
				235FEBCC201097B80053DA3A /* ShowAllNotesModuleModuleInput.swift in Sources */,
				235FEBD3201097C40053DA3A /* ShowAllNotesModuleConfigurator.swift in Sources */,
				235FEBD2201097C00053DA3A /* ShowAllNotesModuleRouter.swift in Sources */,
				235FEBCA201097B00053DA3A /* ShowAllNotesModuleViewOutput.swift in Sources */,
				235FEBC9201097B00053DA3A /* ShowAllNotesModuleViewInput.swift in Sources */,
				235FEBC4201097920053DA3A /* ShowAllNotesModuleConfiguratorTests.swift in Sources */,
			);
			runOnlyForDeploymentPostprocessing = 0;
		};
/* End PBXSourcesBuildPhase section */

/* Begin PBXTargetDependency section */
		235FEBC0201097730053DA3A /* PBXTargetDependency */ = {
			isa = PBXTargetDependency;
			target = 233F2C802007BF0700D27743 /* Notes */;
			targetProxy = 235FEBBF201097730053DA3A /* PBXContainerItemProxy */;
		};
/* End PBXTargetDependency section */

/* Begin XCBuildConfiguration section */
		233F2C9C2007BF0700D27743 /* Debug */ = {
			isa = XCBuildConfiguration;
			baseConfigurationReference = C53D583B197BAC8CEC634D64 /* Pods-Notes.debug.xcconfig */;
			buildSettings = {
				ALWAYS_SEARCH_USER_PATHS = NO;
				CLANG_ANALYZER_LOCALIZABILITY_NONLOCALIZED = YES;
				CLANG_ANALYZER_NONNULL = YES;
				CLANG_ANALYZER_NUMBER_OBJECT_CONVERSION = YES_AGGRESSIVE;
				CLANG_CXX_LANGUAGE_STANDARD = "gnu++14";
				CLANG_CXX_LIBRARY = "libc++";
				CLANG_ENABLE_MODULES = YES;
				CLANG_ENABLE_OBJC_ARC = YES;
				CLANG_WARN_BLOCK_CAPTURE_AUTORELEASING = YES;
				CLANG_WARN_BOOL_CONVERSION = YES;
				CLANG_WARN_COMMA = YES;
				CLANG_WARN_CONSTANT_CONVERSION = YES;
				CLANG_WARN_DIRECT_OBJC_ISA_USAGE = YES_ERROR;
				CLANG_WARN_DOCUMENTATION_COMMENTS = YES;
				CLANG_WARN_EMPTY_BODY = YES;
				CLANG_WARN_ENUM_CONVERSION = YES;
				CLANG_WARN_INFINITE_RECURSION = YES;
				CLANG_WARN_INT_CONVERSION = YES;
				CLANG_WARN_NON_LITERAL_NULL_CONVERSION = YES;
				CLANG_WARN_OBJC_LITERAL_CONVERSION = YES;
				CLANG_WARN_OBJC_ROOT_CLASS = YES_ERROR;
				CLANG_WARN_RANGE_LOOP_ANALYSIS = YES;
				CLANG_WARN_STRICT_PROTOTYPES = YES;
				CLANG_WARN_SUSPICIOUS_MOVE = YES;
				CLANG_WARN_UNGUARDED_AVAILABILITY = YES_AGGRESSIVE;
				CLANG_WARN_UNREACHABLE_CODE = YES;
				CLANG_WARN__DUPLICATE_METHOD_MATCH = YES;
				CODE_SIGN_IDENTITY = "iPhone Developer";
				COPY_PHASE_STRIP = NO;
				DEBUG_INFORMATION_FORMAT = dwarf;
				ENABLE_STRICT_OBJC_MSGSEND = YES;
				ENABLE_TESTABILITY = YES;
				GCC_C_LANGUAGE_STANDARD = gnu11;
				GCC_DYNAMIC_NO_PIC = NO;
				GCC_NO_COMMON_BLOCKS = YES;
				GCC_OPTIMIZATION_LEVEL = 0;
				GCC_PREPROCESSOR_DEFINITIONS = (
					"DEBUG=1",
					"$(inherited)",
				);
				GCC_WARN_64_TO_32_BIT_CONVERSION = YES;
				GCC_WARN_ABOUT_RETURN_TYPE = YES_ERROR;
				GCC_WARN_UNDECLARED_SELECTOR = YES;
				GCC_WARN_UNINITIALIZED_AUTOS = YES_AGGRESSIVE;
				GCC_WARN_UNUSED_FUNCTION = YES;
				GCC_WARN_UNUSED_VARIABLE = YES;
				IPHONEOS_DEPLOYMENT_TARGET = 10.0;
				MTL_ENABLE_DEBUG_INFO = YES;
				ONLY_ACTIVE_ARCH = YES;
				SDKROOT = iphoneos;
				SWIFT_ACTIVE_COMPILATION_CONDITIONS = DEBUG;
				SWIFT_OPTIMIZATION_LEVEL = "-Onone";
			};
			name = Debug;
		};
		233F2C9D2007BF0700D27743 /* Release */ = {
			isa = XCBuildConfiguration;
			baseConfigurationReference = ECB8FF62CE268ADC29DE6137 /* Pods-Notes.release.xcconfig */;
			buildSettings = {
				ALWAYS_SEARCH_USER_PATHS = NO;
				CLANG_ANALYZER_LOCALIZABILITY_NONLOCALIZED = YES;
				CLANG_ANALYZER_NONNULL = YES;
				CLANG_ANALYZER_NUMBER_OBJECT_CONVERSION = YES_AGGRESSIVE;
				CLANG_CXX_LANGUAGE_STANDARD = "gnu++14";
				CLANG_CXX_LIBRARY = "libc++";
				CLANG_ENABLE_MODULES = YES;
				CLANG_ENABLE_OBJC_ARC = YES;
				CLANG_WARN_BLOCK_CAPTURE_AUTORELEASING = YES;
				CLANG_WARN_BOOL_CONVERSION = YES;
				CLANG_WARN_COMMA = YES;
				CLANG_WARN_CONSTANT_CONVERSION = YES;
				CLANG_WARN_DIRECT_OBJC_ISA_USAGE = YES_ERROR;
				CLANG_WARN_DOCUMENTATION_COMMENTS = YES;
				CLANG_WARN_EMPTY_BODY = YES;
				CLANG_WARN_ENUM_CONVERSION = YES;
				CLANG_WARN_INFINITE_RECURSION = YES;
				CLANG_WARN_INT_CONVERSION = YES;
				CLANG_WARN_NON_LITERAL_NULL_CONVERSION = YES;
				CLANG_WARN_OBJC_LITERAL_CONVERSION = YES;
				CLANG_WARN_OBJC_ROOT_CLASS = YES_ERROR;
				CLANG_WARN_RANGE_LOOP_ANALYSIS = YES;
				CLANG_WARN_STRICT_PROTOTYPES = YES;
				CLANG_WARN_SUSPICIOUS_MOVE = YES;
				CLANG_WARN_UNGUARDED_AVAILABILITY = YES_AGGRESSIVE;
				CLANG_WARN_UNREACHABLE_CODE = YES;
				CLANG_WARN__DUPLICATE_METHOD_MATCH = YES;
				CODE_SIGN_IDENTITY = "iPhone Developer";
				COPY_PHASE_STRIP = NO;
				DEBUG_INFORMATION_FORMAT = "dwarf-with-dsym";
				ENABLE_NS_ASSERTIONS = NO;
				ENABLE_STRICT_OBJC_MSGSEND = YES;
				GCC_C_LANGUAGE_STANDARD = gnu11;
				GCC_NO_COMMON_BLOCKS = YES;
				GCC_WARN_64_TO_32_BIT_CONVERSION = YES;
				GCC_WARN_ABOUT_RETURN_TYPE = YES_ERROR;
				GCC_WARN_UNDECLARED_SELECTOR = YES;
				GCC_WARN_UNINITIALIZED_AUTOS = YES_AGGRESSIVE;
				GCC_WARN_UNUSED_FUNCTION = YES;
				GCC_WARN_UNUSED_VARIABLE = YES;
				IPHONEOS_DEPLOYMENT_TARGET = 10.0;
				MTL_ENABLE_DEBUG_INFO = NO;
				SDKROOT = iphoneos;
				SWIFT_OPTIMIZATION_LEVEL = "-Owholemodule";
				VALIDATE_PRODUCT = YES;
			};
			name = Release;
		};
		233F2C9F2007BF0700D27743 /* Debug */ = {
			isa = XCBuildConfiguration;
			baseConfigurationReference = C53D583B197BAC8CEC634D64 /* Pods-Notes.debug.xcconfig */;
			buildSettings = {
				ASSETCATALOG_COMPILER_APPICON_NAME = AppIcon;
				"CODE_SIGN_IDENTITY[sdk=iphoneos*]" = "iPhone Developer";
				CODE_SIGN_STYLE = Automatic;
				DEVELOPMENT_TEAM = MEH36U69XD;
				INFOPLIST_FILE = "$(SRCROOT)/Notes/SupportingFiles/Notes-Info.plist";
				IPHONEOS_DEPLOYMENT_TARGET = 10.0;
				LD_RUNPATH_SEARCH_PATHS = "$(inherited) @executable_path/Frameworks";
				PRODUCT_BUNDLE_IDENTIFIER = com.Codex.Notes;
				PRODUCT_NAME = "$(TARGET_NAME)";
				PROVISIONING_PROFILE_SPECIFIER = "";
				SWIFT_VERSION = 4.0;
				TARGETED_DEVICE_FAMILY = "1,2";
			};
			name = Debug;
		};
		233F2CA02007BF0700D27743 /* Release */ = {
			isa = XCBuildConfiguration;
			baseConfigurationReference = ECB8FF62CE268ADC29DE6137 /* Pods-Notes.release.xcconfig */;
			buildSettings = {
				ASSETCATALOG_COMPILER_APPICON_NAME = AppIcon;
				"CODE_SIGN_IDENTITY[sdk=iphoneos*]" = "iPhone Developer";
				CODE_SIGN_STYLE = Automatic;
				DEVELOPMENT_TEAM = MEH36U69XD;
				INFOPLIST_FILE = "$(SRCROOT)/Notes/SupportingFiles/Notes-Info.plist";
				IPHONEOS_DEPLOYMENT_TARGET = 10.0;
				LD_RUNPATH_SEARCH_PATHS = "$(inherited) @executable_path/Frameworks";
				PRODUCT_BUNDLE_IDENTIFIER = com.Codex.Notes;
				PRODUCT_NAME = "$(TARGET_NAME)";
				PROVISIONING_PROFILE_SPECIFIER = "";
				SWIFT_VERSION = 4.0;
				TARGETED_DEVICE_FAMILY = "1,2";
			};
			name = Release;
		};
		235FEBC2201097730053DA3A /* Debug */ = {
			isa = XCBuildConfiguration;
			buildSettings = {
				BUNDLE_LOADER = "$(TEST_HOST)";
				CODE_SIGN_STYLE = Automatic;
				DEVELOPMENT_TEAM = MEH36U69XD;
				INFOPLIST_FILE = NotesTests/Info.plist;
				IPHONEOS_DEPLOYMENT_TARGET = 11.2;
				LD_RUNPATH_SEARCH_PATHS = "$(inherited) @executable_path/Frameworks @loader_path/Frameworks";
				PRODUCT_BUNDLE_IDENTIFIER = com.Codex.NotesTests;
				PRODUCT_NAME = "$(TARGET_NAME)";
				SWIFT_VERSION = 4.0;
				TARGETED_DEVICE_FAMILY = "1,2";
				TEST_HOST = "$(BUILT_PRODUCTS_DIR)/Notes.app/Notes";
			};
			name = Debug;
		};
		235FEBC3201097730053DA3A /* Release */ = {
			isa = XCBuildConfiguration;
			buildSettings = {
				BUNDLE_LOADER = "$(TEST_HOST)";
				CODE_SIGN_STYLE = Automatic;
				DEVELOPMENT_TEAM = MEH36U69XD;
				INFOPLIST_FILE = NotesTests/Info.plist;
				IPHONEOS_DEPLOYMENT_TARGET = 11.2;
				LD_RUNPATH_SEARCH_PATHS = "$(inherited) @executable_path/Frameworks @loader_path/Frameworks";
				PRODUCT_BUNDLE_IDENTIFIER = com.Codex.NotesTests;
				PRODUCT_NAME = "$(TARGET_NAME)";
				SWIFT_VERSION = 4.0;
				TARGETED_DEVICE_FAMILY = "1,2";
				TEST_HOST = "$(BUILT_PRODUCTS_DIR)/Notes.app/Notes";
			};
			name = Release;
		};
/* End XCBuildConfiguration section */

/* Begin XCConfigurationList section */
		233F2C7C2007BF0700D27743 /* Build configuration list for PBXProject "Notes" */ = {
			isa = XCConfigurationList;
			buildConfigurations = (
				233F2C9C2007BF0700D27743 /* Debug */,
				233F2C9D2007BF0700D27743 /* Release */,
			);
			defaultConfigurationIsVisible = 0;
			defaultConfigurationName = Release;
		};
		233F2C9E2007BF0700D27743 /* Build configuration list for PBXNativeTarget "Notes" */ = {
			isa = XCConfigurationList;
			buildConfigurations = (
				233F2C9F2007BF0700D27743 /* Debug */,
				233F2CA02007BF0700D27743 /* Release */,
			);
			defaultConfigurationIsVisible = 0;
			defaultConfigurationName = Release;
		};
		235FEBC1201097730053DA3A /* Build configuration list for PBXNativeTarget "NotesTests" */ = {
			isa = XCConfigurationList;
			buildConfigurations = (
				235FEBC2201097730053DA3A /* Debug */,
				235FEBC3201097730053DA3A /* Release */,
			);
			defaultConfigurationIsVisible = 0;
			defaultConfigurationName = Release;
		};
/* End XCConfigurationList section */
	};
	rootObject = 233F2C792007BF0700D27743 /* Project object */;
}
