// !$*UTF8*$!
{
	archiveVersion = 1;
	classes = {
	};
	objectVersion = 48;
	objects = {

/* Begin PBXBuildFile section */
		233F2C852007BF0700D27743 /* AppDelegate.swift in Sources */ = {isa = PBXBuildFile; fileRef = 233F2C842007BF0700D27743 /* AppDelegate.swift */; };
		233F2C872007BF0700D27743 /* ViewController.swift in Sources */ = {isa = PBXBuildFile; fileRef = 233F2C862007BF0700D27743 /* ViewController.swift */; };
		233F2C8A2007BF0700D27743 /* Main.storyboard in Resources */ = {isa = PBXBuildFile; fileRef = 233F2C882007BF0700D27743 /* Main.storyboard */; };
		233F2C8C2007BF0700D27743 /* Assets.xcassets in Resources */ = {isa = PBXBuildFile; fileRef = 233F2C8B2007BF0700D27743 /* Assets.xcassets */; };
		233F2C8F2007BF0700D27743 /* LaunchScreen.storyboard in Resources */ = {isa = PBXBuildFile; fileRef = 233F2C8D2007BF0700D27743 /* LaunchScreen.storyboard */; };
		7FDC886D7B7991E9CE78D342 /* Pods_Notes.framework in Frameworks */ = {isa = PBXBuildFile; fileRef = F4C5FB0833E0260496BD090E /* Pods_Notes.framework */; };
/* End PBXBuildFile section */

/* Begin PBXContainerItemProxy section */
		233F2C962007BF0700D27743 /* PBXContainerItemProxy */ = {
			isa = PBXContainerItemProxy;
			containerPortal = 233F2C792007BF0700D27743 /* Project object */;
			proxyType = 1;
			remoteGlobalIDString = 233F2C802007BF0700D27743;
			remoteInfo = Notes;
		};
/* End PBXContainerItemProxy section */

/* Begin PBXFileReference section */
		233F2C812007BF0700D27743 /* Notes.app */ = {isa = PBXFileReference; explicitFileType = wrapper.application; includeInIndex = 0; path = Notes.app; sourceTree = BUILT_PRODUCTS_DIR; };
		233F2C842007BF0700D27743 /* AppDelegate.swift */ = {isa = PBXFileReference; lastKnownFileType = sourcecode.swift; path = AppDelegate.swift; sourceTree = "<group>"; };
		233F2C862007BF0700D27743 /* ViewController.swift */ = {isa = PBXFileReference; lastKnownFileType = sourcecode.swift; path = ViewController.swift; sourceTree = "<group>"; };
		233F2C892007BF0700D27743 /* Base */ = {isa = PBXFileReference; lastKnownFileType = file.storyboard; name = Base; path = Base.lproj/Main.storyboard; sourceTree = "<group>"; };
		233F2C8B2007BF0700D27743 /* Assets.xcassets */ = {isa = PBXFileReference; lastKnownFileType = folder.assetcatalog; path = Assets.xcassets; sourceTree = "<group>"; };
		233F2C8E2007BF0700D27743 /* Base */ = {isa = PBXFileReference; lastKnownFileType = file.storyboard; name = Base; path = Base.lproj/LaunchScreen.storyboard; sourceTree = "<group>"; };
		233F2C902007BF0700D27743 /* Info.plist */ = {isa = PBXFileReference; lastKnownFileType = text.plist.xml; path = Info.plist; sourceTree = "<group>"; };
		233F2C952007BF0700D27743 /* NotesTests.xctest */ = {isa = PBXFileReference; explicitFileType = wrapper.cfbundle; includeInIndex = 0; path = NotesTests.xctest; sourceTree = BUILT_PRODUCTS_DIR; };
		233F2C9B2007BF0700D27743 /* Info.plist */ = {isa = PBXFileReference; lastKnownFileType = text.plist.xml; path = Info.plist; sourceTree = "<group>"; };
		C53D583B197BAC8CEC634D64 /* Pods-Notes.debug.xcconfig */ = {isa = PBXFileReference; includeInIndex = 1; lastKnownFileType = text.xcconfig; name = "Pods-Notes.debug.xcconfig"; path = "Pods/Target Support Files/Pods-Notes/Pods-Notes.debug.xcconfig"; sourceTree = "<group>"; };
		ECB8FF62CE268ADC29DE6137 /* Pods-Notes.release.xcconfig */ = {isa = PBXFileReference; includeInIndex = 1; lastKnownFileType = text.xcconfig; name = "Pods-Notes.release.xcconfig"; path = "Pods/Target Support Files/Pods-Notes/Pods-Notes.release.xcconfig"; sourceTree = "<group>"; };
		F4C5FB0833E0260496BD090E /* Pods_Notes.framework */ = {isa = PBXFileReference; explicitFileType = wrapper.framework; includeInIndex = 0; path = Pods_Notes.framework; sourceTree = BUILT_PRODUCTS_DIR; };
/* End PBXFileReference section */

/* Begin PBXFrameworksBuildPhase section */
		233F2C7E2007BF0700D27743 /* Frameworks */ = {
			isa = PBXFrameworksBuildPhase;
			buildActionMask = 2147483647;
			files = (
				7FDC886D7B7991E9CE78D342 /* Pods_Notes.framework in Frameworks */,
			);
			runOnlyForDeploymentPostprocessing = 0;
		};
		233F2C922007BF0700D27743 /* Frameworks */ = {
			isa = PBXFrameworksBuildPhase;
			buildActionMask = 2147483647;
			files = (
			);
			runOnlyForDeploymentPostprocessing = 0;
		};
/* End PBXFrameworksBuildPhase section */

/* Begin PBXGroup section */
		233F2C782007BF0700D27743 = {
			isa = PBXGroup;
			children = (
				233F2C832007BF0700D27743 /* Notes */,
				233F2C982007BF0700D27743 /* NotesTests */,
				233F2C822007BF0700D27743 /* Products */,
				A33D579DA4DD4EB39995B7D2 /* Pods */,
				6B5642992281895780AA3759 /* Frameworks */,
			);
			sourceTree = "<group>";
		};
		233F2C822007BF0700D27743 /* Products */ = {
			isa = PBXGroup;
			children = (
				233F2C812007BF0700D27743 /* Notes.app */,
				233F2C952007BF0700D27743 /* NotesTests.xctest */,
			);
			name = Products;
			sourceTree = "<group>";
		};
		233F2C832007BF0700D27743 /* Notes */ = {
			isa = PBXGroup;
			children = (
				233F2CA52007C75F00D27743 /* Sources */,
				233F2C882007BF0700D27743 /* Main.storyboard */,
				233F2C8B2007BF0700D27743 /* Assets.xcassets */,
				233F2C8D2007BF0700D27743 /* LaunchScreen.storyboard */,
				233F2C902007BF0700D27743 /* Info.plist */,
			);
			path = Notes;
			sourceTree = "<group>";
		};
		233F2C982007BF0700D27743 /* NotesTests */ = {
			isa = PBXGroup;
			children = (
				233F2C9B2007BF0700D27743 /* Info.plist */,
			);
			path = NotesTests;
			sourceTree = "<group>";
		};
		233F2CA52007C75F00D27743 /* Sources */ = {
			isa = PBXGroup;
			children = (
				233F2C842007BF0700D27743 /* AppDelegate.swift */,
				233F2C862007BF0700D27743 /* ViewController.swift */,
			);
			path = Sources;
			sourceTree = "<group>";
		};
		6B5642992281895780AA3759 /* Frameworks */ = {
			isa = PBXGroup;
			children = (
				F4C5FB0833E0260496BD090E /* Pods_Notes.framework */,
			);
			name = Frameworks;
			sourceTree = "<group>";
		};
		A33D579DA4DD4EB39995B7D2 /* Pods */ = {
			isa = PBXGroup;
			children = (
				C53D583B197BAC8CEC634D64 /* Pods-Notes.debug.xcconfig */,
				ECB8FF62CE268ADC29DE6137 /* Pods-Notes.release.xcconfig */,
			);
			name = Pods;
			sourceTree = "<group>";
		};
/* End PBXGroup section */

/* Begin PBXNativeTarget section */
		233F2C802007BF0700D27743 /* Notes */ = {
			isa = PBXNativeTarget;
			buildConfigurationList = 233F2C9E2007BF0700D27743 /* Build configuration list for PBXNativeTarget "Notes" */;
			buildPhases = (
				1B38036969C92920C3B92A2D /* [CP] Check Pods Manifest.lock */,
				233F2C7D2007BF0700D27743 /* Sources */,
				233F2C7E2007BF0700D27743 /* Frameworks */,
				233F2C7F2007BF0700D27743 /* Resources */,
				233F2CA42007BF7700D27743 /* Run Script SwiftLint */,
				6366ADA8E973DE5B4CAB9D4F /* [CP] Embed Pods Frameworks */,
				F5A36A89B473D0AAA4051EA5 /* [CP] Copy Pods Resources */,
			);
			buildRules = (
			);
			dependencies = (
			);
			name = Notes;
			productName = Notes;
			productReference = 233F2C812007BF0700D27743 /* Notes.app */;
			productType = "com.apple.product-type.application";
		};
		233F2C942007BF0700D27743 /* NotesTests */ = {
			isa = PBXNativeTarget;
			buildConfigurationList = 233F2CA12007BF0700D27743 /* Build configuration list for PBXNativeTarget "NotesTests" */;
			buildPhases = (
				233F2C912007BF0700D27743 /* Sources */,
				233F2C922007BF0700D27743 /* Frameworks */,
				233F2C932007BF0700D27743 /* Resources */,
			);
			buildRules = (
			);
			dependencies = (
				233F2C972007BF0700D27743 /* PBXTargetDependency */,
			);
			name = NotesTests;
			productName = NotesTests;
			productReference = 233F2C952007BF0700D27743 /* NotesTests.xctest */;
			productType = "com.apple.product-type.bundle.unit-test";
		};
/* End PBXNativeTarget section */

/* Begin PBXProject section */
		233F2C792007BF0700D27743 /* Project object */ = {
			isa = PBXProject;
			attributes = {
				LastSwiftUpdateCheck = 0920;
				LastUpgradeCheck = 0920;
				ORGANIZATIONNAME = "Egor Petrov";
				TargetAttributes = {
					233F2C802007BF0700D27743 = {
						CreatedOnToolsVersion = 9.2;
						ProvisioningStyle = Automatic;
					};
					233F2C942007BF0700D27743 = {
						CreatedOnToolsVersion = 9.2;
						ProvisioningStyle = Automatic;
						TestTargetID = 233F2C802007BF0700D27743;
					};
				};
			};
			buildConfigurationList = 233F2C7C2007BF0700D27743 /* Build configuration list for PBXProject "Notes" */;
			compatibilityVersion = "Xcode 8.0";
			developmentRegion = en;
			hasScannedForEncodings = 0;
			knownRegions = (
				en,
				Base,
			);
			mainGroup = 233F2C782007BF0700D27743;
			productRefGroup = 233F2C822007BF0700D27743 /* Products */;
			projectDirPath = "";
			projectRoot = "";
			targets = (
				233F2C802007BF0700D27743 /* Notes */,
				233F2C942007BF0700D27743 /* NotesTests */,
			);
		};
/* End PBXProject section */

/* Begin PBXResourcesBuildPhase section */
		233F2C7F2007BF0700D27743 /* Resources */ = {
			isa = PBXResourcesBuildPhase;
			buildActionMask = 2147483647;
			files = (
				233F2C8F2007BF0700D27743 /* LaunchScreen.storyboard in Resources */,
				233F2C8C2007BF0700D27743 /* Assets.xcassets in Resources */,
				233F2C8A2007BF0700D27743 /* Main.storyboard in Resources */,
			);
			runOnlyForDeploymentPostprocessing = 0;
		};
		233F2C932007BF0700D27743 /* Resources */ = {
			isa = PBXResourcesBuildPhase;
			buildActionMask = 2147483647;
			files = (
			);
			runOnlyForDeploymentPostprocessing = 0;
		};
/* End PBXResourcesBuildPhase section */

/* Begin PBXShellScriptBuildPhase section */
		1B38036969C92920C3B92A2D /* [CP] Check Pods Manifest.lock */ = {
			isa = PBXShellScriptBuildPhase;
			buildActionMask = 2147483647;
			files = (
			);
			inputPaths = (
				"${PODS_PODFILE_DIR_PATH}/Podfile.lock",
				"${PODS_ROOT}/Manifest.lock",
			);
			name = "[CP] Check Pods Manifest.lock";
			outputPaths = (
				"$(DERIVED_FILE_DIR)/Pods-Notes-checkManifestLockResult.txt",
			);
			runOnlyForDeploymentPostprocessing = 0;
			shellPath = /bin/sh;
			shellScript = "diff \"${PODS_PODFILE_DIR_PATH}/Podfile.lock\" \"${PODS_ROOT}/Manifest.lock\" > /dev/null\nif [ $? != 0 ] ; then\n    # print error to STDERR\n    echo \"error: The sandbox is not in sync with the Podfile.lock. Run 'pod install' or update your CocoaPods installation.\" >&2\n    exit 1\nfi\n# This output is used by Xcode 'outputs' to avoid re-running this script phase.\necho \"SUCCESS\" > \"${SCRIPT_OUTPUT_FILE_0}\"\n";
			showEnvVarsInLog = 0;
		};
		233F2CA42007BF7700D27743 /* Run Script SwiftLint */ = {
			isa = PBXShellScriptBuildPhase;
			buildActionMask = 2147483647;
			files = (
			);
			inputPaths = (
			);
			name = "Run Script SwiftLint";
			outputPaths = (
			);
			runOnlyForDeploymentPostprocessing = 0;
			shellPath = /bin/sh;
			shellScript = "# Если не \"master\" ветка, то проверяются только измененные файлы .swift\nif which swiftlint >/dev/null; then\nif [ $(git symbolic-ref --short -q HEAD) = \"master\" ]; then\necho \"Develop branch! Standart check\"\nswiftlint\nelse\ncount=0\nfor file_path in $(git ls-files -om --exclude-from=.gitignore | grep \".swift$\"); do\nexport SCRIPT_INPUT_FILE_$count=$file_path\ncount=$((count + 1))\ndone\nfor file_path in $(git diff --cached --name-only | grep \".swift$\"); do\nexport SCRIPT_INPUT_FILE_$count=$file_path\ncount=$((count + 1))\ndone\nexport SCRIPT_INPUT_FILE_COUNT=$count\nif [ \"$count\" -ne 0 ]; then\necho \"Found lintable files! Linting...\"\nswiftlint lint --use-script-input-files --config .swiftlint.yml\nelse\necho \"No files to lint!\"\nexit 0\nfi\nfi\nelse\necho \"warning: SwiftLint not installed, download from https://github.com/realm/SwiftLint\"\nfi";
		};
		6366ADA8E973DE5B4CAB9D4F /* [CP] Embed Pods Frameworks */ = {
			isa = PBXShellScriptBuildPhase;
			buildActionMask = 2147483647;
			files = (
			);
			inputPaths = (
				"${SRCROOT}/Pods/Target Support Files/Pods-Notes/Pods-Notes-frameworks.sh",
				"${BUILT_PRODUCTS_DIR}/Apollo/Apollo.framework",
			);
			name = "[CP] Embed Pods Frameworks";
			outputPaths = (
				"${TARGET_BUILD_DIR}/${FRAMEWORKS_FOLDER_PATH}/Apollo.framework",
			);
			runOnlyForDeploymentPostprocessing = 0;
			shellPath = /bin/sh;
			shellScript = "\"${SRCROOT}/Pods/Target Support Files/Pods-Notes/Pods-Notes-frameworks.sh\"\n";
			showEnvVarsInLog = 0;
		};
		F5A36A89B473D0AAA4051EA5 /* [CP] Copy Pods Resources */ = {
			isa = PBXShellScriptBuildPhase;
			buildActionMask = 2147483647;
			files = (
			);
			inputPaths = (
			);
			name = "[CP] Copy Pods Resources";
			outputPaths = (
			);
			runOnlyForDeploymentPostprocessing = 0;
			shellPath = /bin/sh;
			shellScript = "\"${SRCROOT}/Pods/Target Support Files/Pods-Notes/Pods-Notes-resources.sh\"\n";
			showEnvVarsInLog = 0;
		};
/* End PBXShellScriptBuildPhase section */

/* Begin PBXSourcesBuildPhase section */
		233F2C7D2007BF0700D27743 /* Sources */ = {
			isa = PBXSourcesBuildPhase;
			buildActionMask = 2147483647;
			files = (
				233F2C872007BF0700D27743 /* ViewController.swift in Sources */,
				233F2C852007BF0700D27743 /* AppDelegate.swift in Sources */,
			);
			runOnlyForDeploymentPostprocessing = 0;
		};
		233F2C912007BF0700D27743 /* Sources */ = {
			isa = PBXSourcesBuildPhase;
			buildActionMask = 2147483647;
			files = (
			);
			runOnlyForDeploymentPostprocessing = 0;
		};
/* End PBXSourcesBuildPhase section */

/* Begin PBXTargetDependency section */
		233F2C972007BF0700D27743 /* PBXTargetDependency */ = {
			isa = PBXTargetDependency;
			target = 233F2C802007BF0700D27743 /* Notes */;
			targetProxy = 233F2C962007BF0700D27743 /* PBXContainerItemProxy */;
		};
/* End PBXTargetDependency section */

/* Begin PBXVariantGroup section */
		233F2C882007BF0700D27743 /* Main.storyboard */ = {
			isa = PBXVariantGroup;
			children = (
				233F2C892007BF0700D27743 /* Base */,
			);
			name = Main.storyboard;
			sourceTree = "<group>";
		};
		233F2C8D2007BF0700D27743 /* LaunchScreen.storyboard */ = {
			isa = PBXVariantGroup;
			children = (
				233F2C8E2007BF0700D27743 /* Base */,
			);
			name = LaunchScreen.storyboard;
			sourceTree = "<group>";
		};
/* End PBXVariantGroup section */

/* Begin XCBuildConfiguration section */
		233F2C9C2007BF0700D27743 /* Debug */ = {
			isa = XCBuildConfiguration;
			buildSettings = {
				ALWAYS_SEARCH_USER_PATHS = NO;
				CLANG_ANALYZER_NONNULL = YES;
				CLANG_ANALYZER_NUMBER_OBJECT_CONVERSION = YES_AGGRESSIVE;
				CLANG_CXX_LANGUAGE_STANDARD = "gnu++14";
				CLANG_CXX_LIBRARY = "libc++";
				CLANG_ENABLE_MODULES = YES;
				CLANG_ENABLE_OBJC_ARC = YES;
				CLANG_WARN_BLOCK_CAPTURE_AUTORELEASING = YES;
				CLANG_WARN_BOOL_CONVERSION = YES;
				CLANG_WARN_COMMA = YES;
				CLANG_WARN_CONSTANT_CONVERSION = YES;
				CLANG_WARN_DIRECT_OBJC_ISA_USAGE = YES_ERROR;
				CLANG_WARN_DOCUMENTATION_COMMENTS = YES;
				CLANG_WARN_EMPTY_BODY = YES;
				CLANG_WARN_ENUM_CONVERSION = YES;
				CLANG_WARN_INFINITE_RECURSION = YES;
				CLANG_WARN_INT_CONVERSION = YES;
				CLANG_WARN_NON_LITERAL_NULL_CONVERSION = YES;
				CLANG_WARN_OBJC_LITERAL_CONVERSION = YES;
				CLANG_WARN_OBJC_ROOT_CLASS = YES_ERROR;
				CLANG_WARN_RANGE_LOOP_ANALYSIS = YES;
				CLANG_WARN_STRICT_PROTOTYPES = YES;
				CLANG_WARN_SUSPICIOUS_MOVE = YES;
				CLANG_WARN_UNGUARDED_AVAILABILITY = YES_AGGRESSIVE;
				CLANG_WARN_UNREACHABLE_CODE = YES;
				CLANG_WARN__DUPLICATE_METHOD_MATCH = YES;
				CODE_SIGN_IDENTITY = "iPhone Developer";
				COPY_PHASE_STRIP = NO;
				DEBUG_INFORMATION_FORMAT = dwarf;
				ENABLE_STRICT_OBJC_MSGSEND = YES;
				ENABLE_TESTABILITY = YES;
				GCC_C_LANGUAGE_STANDARD = gnu11;
				GCC_DYNAMIC_NO_PIC = NO;
				GCC_NO_COMMON_BLOCKS = YES;
				GCC_OPTIMIZATION_LEVEL = 0;
				GCC_PREPROCESSOR_DEFINITIONS = (
					"DEBUG=1",
					"$(inherited)",
				);
				GCC_WARN_64_TO_32_BIT_CONVERSION = YES;
				GCC_WARN_ABOUT_RETURN_TYPE = YES_ERROR;
				GCC_WARN_UNDECLARED_SELECTOR = YES;
				GCC_WARN_UNINITIALIZED_AUTOS = YES_AGGRESSIVE;
				GCC_WARN_UNUSED_FUNCTION = YES;
				GCC_WARN_UNUSED_VARIABLE = YES;
				IPHONEOS_DEPLOYMENT_TARGET = 11.2;
				MTL_ENABLE_DEBUG_INFO = YES;
				ONLY_ACTIVE_ARCH = YES;
				SDKROOT = iphoneos;
				SWIFT_ACTIVE_COMPILATION_CONDITIONS = DEBUG;
				SWIFT_OPTIMIZATION_LEVEL = "-Onone";
			};
			name = Debug;
		};
		233F2C9D2007BF0700D27743 /* Release */ = {
			isa = XCBuildConfiguration;
			buildSettings = {
				ALWAYS_SEARCH_USER_PATHS = NO;
				CLANG_ANALYZER_NONNULL = YES;
				CLANG_ANALYZER_NUMBER_OBJECT_CONVERSION = YES_AGGRESSIVE;
				CLANG_CXX_LANGUAGE_STANDARD = "gnu++14";
				CLANG_CXX_LIBRARY = "libc++";
				CLANG_ENABLE_MODULES = YES;
				CLANG_ENABLE_OBJC_ARC = YES;
				CLANG_WARN_BLOCK_CAPTURE_AUTORELEASING = YES;
				CLANG_WARN_BOOL_CONVERSION = YES;
				CLANG_WARN_COMMA = YES;
				CLANG_WARN_CONSTANT_CONVERSION = YES;
				CLANG_WARN_DIRECT_OBJC_ISA_USAGE = YES_ERROR;
				CLANG_WARN_DOCUMENTATION_COMMENTS = YES;
				CLANG_WARN_EMPTY_BODY = YES;
				CLANG_WARN_ENUM_CONVERSION = YES;
				CLANG_WARN_INFINITE_RECURSION = YES;
				CLANG_WARN_INT_CONVERSION = YES;
				CLANG_WARN_NON_LITERAL_NULL_CONVERSION = YES;
				CLANG_WARN_OBJC_LITERAL_CONVERSION = YES;
				CLANG_WARN_OBJC_ROOT_CLASS = YES_ERROR;
				CLANG_WARN_RANGE_LOOP_ANALYSIS = YES;
				CLANG_WARN_STRICT_PROTOTYPES = YES;
				CLANG_WARN_SUSPICIOUS_MOVE = YES;
				CLANG_WARN_UNGUARDED_AVAILABILITY = YES_AGGRESSIVE;
				CLANG_WARN_UNREACHABLE_CODE = YES;
				CLANG_WARN__DUPLICATE_METHOD_MATCH = YES;
				CODE_SIGN_IDENTITY = "iPhone Developer";
				COPY_PHASE_STRIP = NO;
				DEBUG_INFORMATION_FORMAT = "dwarf-with-dsym";
				ENABLE_NS_ASSERTIONS = NO;
				ENABLE_STRICT_OBJC_MSGSEND = YES;
				GCC_C_LANGUAGE_STANDARD = gnu11;
				GCC_NO_COMMON_BLOCKS = YES;
				GCC_WARN_64_TO_32_BIT_CONVERSION = YES;
				GCC_WARN_ABOUT_RETURN_TYPE = YES_ERROR;
				GCC_WARN_UNDECLARED_SELECTOR = YES;
				GCC_WARN_UNINITIALIZED_AUTOS = YES_AGGRESSIVE;
				GCC_WARN_UNUSED_FUNCTION = YES;
				GCC_WARN_UNUSED_VARIABLE = YES;
				IPHONEOS_DEPLOYMENT_TARGET = 11.2;
				MTL_ENABLE_DEBUG_INFO = NO;
				SDKROOT = iphoneos;
				SWIFT_OPTIMIZATION_LEVEL = "-Owholemodule";
				VALIDATE_PRODUCT = YES;
			};
			name = Release;
		};
		233F2C9F2007BF0700D27743 /* Debug */ = {
			isa = XCBuildConfiguration;
			baseConfigurationReference = C53D583B197BAC8CEC634D64 /* Pods-Notes.debug.xcconfig */;
			buildSettings = {
				ASSETCATALOG_COMPILER_APPICON_NAME = AppIcon;
				CODE_SIGN_STYLE = Automatic;
				DEVELOPMENT_TEAM = MEH36U69XD;
				INFOPLIST_FILE = Notes/Info.plist;
				LD_RUNPATH_SEARCH_PATHS = "$(inherited) @executable_path/Frameworks";
				PRODUCT_BUNDLE_IDENTIFIER = com.Codex.Notes;
				PRODUCT_NAME = "$(TARGET_NAME)";
				SWIFT_VERSION = 4.0;
				TARGETED_DEVICE_FAMILY = "1,2";
			};
			name = Debug;
		};
		233F2CA02007BF0700D27743 /* Release */ = {
			isa = XCBuildConfiguration;
			baseConfigurationReference = ECB8FF62CE268ADC29DE6137 /* Pods-Notes.release.xcconfig */;
			buildSettings = {
				ASSETCATALOG_COMPILER_APPICON_NAME = AppIcon;
				CODE_SIGN_STYLE = Automatic;
				DEVELOPMENT_TEAM = MEH36U69XD;
				INFOPLIST_FILE = Notes/Info.plist;
				LD_RUNPATH_SEARCH_PATHS = "$(inherited) @executable_path/Frameworks";
				PRODUCT_BUNDLE_IDENTIFIER = com.Codex.Notes;
				PRODUCT_NAME = "$(TARGET_NAME)";
				SWIFT_VERSION = 4.0;
				TARGETED_DEVICE_FAMILY = "1,2";
			};
			name = Release;
		};
		233F2CA22007BF0700D27743 /* Debug */ = {
			isa = XCBuildConfiguration;
			buildSettings = {
				ALWAYS_EMBED_SWIFT_STANDARD_LIBRARIES = YES;
				BUNDLE_LOADER = "$(TEST_HOST)";
				CODE_SIGN_STYLE = Automatic;
				DEVELOPMENT_TEAM = MEH36U69XD;
				INFOPLIST_FILE = NotesTests/Info.plist;
				LD_RUNPATH_SEARCH_PATHS = "$(inherited) @executable_path/Frameworks @loader_path/Frameworks";
				PRODUCT_BUNDLE_IDENTIFIER = com.Codex.NotesTests;
				PRODUCT_NAME = "$(TARGET_NAME)";
				SWIFT_VERSION = 4.0;
				TARGETED_DEVICE_FAMILY = "1,2";
				TEST_HOST = "$(BUILT_PRODUCTS_DIR)/Notes.app/Notes";
			};
			name = Debug;
		};
		233F2CA32007BF0700D27743 /* Release */ = {
			isa = XCBuildConfiguration;
			buildSettings = {
				ALWAYS_EMBED_SWIFT_STANDARD_LIBRARIES = YES;
				BUNDLE_LOADER = "$(TEST_HOST)";
				CODE_SIGN_STYLE = Automatic;
				DEVELOPMENT_TEAM = MEH36U69XD;
				INFOPLIST_FILE = NotesTests/Info.plist;
				LD_RUNPATH_SEARCH_PATHS = "$(inherited) @executable_path/Frameworks @loader_path/Frameworks";
				PRODUCT_BUNDLE_IDENTIFIER = com.Codex.NotesTests;
				PRODUCT_NAME = "$(TARGET_NAME)";
				SWIFT_VERSION = 4.0;
				TARGETED_DEVICE_FAMILY = "1,2";
				TEST_HOST = "$(BUILT_PRODUCTS_DIR)/Notes.app/Notes";
			};
			name = Release;
		};
/* End XCBuildConfiguration section */

/* Begin XCConfigurationList section */
		233F2C7C2007BF0700D27743 /* Build configuration list for PBXProject "Notes" */ = {
			isa = XCConfigurationList;
			buildConfigurations = (
				233F2C9C2007BF0700D27743 /* Debug */,
				233F2C9D2007BF0700D27743 /* Release */,
			);
			defaultConfigurationIsVisible = 0;
			defaultConfigurationName = Release;
		};
		233F2C9E2007BF0700D27743 /* Build configuration list for PBXNativeTarget "Notes" */ = {
			isa = XCConfigurationList;
			buildConfigurations = (
				233F2C9F2007BF0700D27743 /* Debug */,
				233F2CA02007BF0700D27743 /* Release */,
			);
			defaultConfigurationIsVisible = 0;
			defaultConfigurationName = Release;
		};
		233F2CA12007BF0700D27743 /* Build configuration list for PBXNativeTarget "NotesTests" */ = {
			isa = XCConfigurationList;
			buildConfigurations = (
				233F2CA22007BF0700D27743 /* Debug */,
				233F2CA32007BF0700D27743 /* Release */,
			);
			defaultConfigurationIsVisible = 0;
			defaultConfigurationName = Release;
		};
/* End XCConfigurationList section */
	};
	rootObject = 233F2C792007BF0700D27743 /* Project object */;
}
